{
  "name": "mail",
  "lockfileVersion": 3,
  "requires": true,
  "packages": {
    "": {
      "dependencies": {
        "nodemailer": "^10.0.9"
      }
    },
    "node_modules/nodemailer": {
      "version": "10.0.9",
      "resolved": "https://registry.npmjs.org/nodemailer/-/nodemailer-10.0.9.tgz",
      "integrity": "sha512-BF0qcyplCwp+jMk6HCjFykBz/YhhZSsxrARhOldLwFWH+8kGjQsd2WIMIZhqEuyXRoGFi0ONbDeWDMDoL8MhLw==",
      "license": "MIT-0",
      "engines": {
        "node": ">=20.0.0"
      }
    }
  }
}
